
Microsoft Visual Studio Solution File, Format Version 12.00
# Visual Studio Version 17
VisualStudioVersion = 17.10.35013.160
MinimumVisualStudioVersion = 10.0.40219.1
Project("{2150E333-8FDC-42A3-9474-1A3956D46DE8}") = "Services", "Services", "{117F450C-46C5-4419-ADC8-12C892C5FDD3}"
EndProject
Project("{2150E333-8FDC-42A3-9474-1A3956D46DE8}") = "Catalog", "Catalog", "{E01DF7FB-775F-47B8-90D0-14F2C6D507D0}"
EndProject
Project("{FAE04EC0-301F-11D3-BF4B-00C04F79EFBC}") = "MultiShop.Catalog", "Services\Catalog\MultiShop.Catalog\MultiShop.Catalog.csproj", "{A9B7E5E9-738D-4D09-BB2A-61197803C503}"
EndProject
Project("{2150E333-8FDC-42A3-9474-1A3956D46DE8}") = "Discount", "Discount", "{8DF00F39-28C7-4836-AD24-643BDD61C0AC}"
EndProject
Project("{FAE04EC0-301F-11D3-BF4B-00C04F79EFBC}") = "MultiShop.Discount", "Services\Discount\MultiShop.Discount\MultiShop.Discount.csproj", "{D17A51BD-937C-4496-849F-AC572FC6917C}"
EndProject
Project("{2150E333-8FDC-42A3-9474-1A3956D46DE8}") = "Order", "Order", "{F63189A9-D8B8-41C9-965B-4AACC459DF30}"
EndProject
Project("{2150E333-8FDC-42A3-9474-1A3956D46DE8}") = "Core", "Core", "{4EB1B026-8849-44A6-8BBF-2C4D2EADF059}"
EndProject
Project("{2150E333-8FDC-42A3-9474-1A3956D46DE8}") = "Infrastructure", "Infrastructure", "{27D0F684-5332-4AD8-9D88-CDAC9718FEAF}"
EndProject
Project("{2150E333-8FDC-42A3-9474-1A3956D46DE8}") = "Presentation", "Presentation", "{C6E4A222-31E8-40BA-B07A-0B0FE74DCA6C}"
EndProject
Global
	GlobalSection(SolutionConfigurationPlatforms) = preSolution
		Debug|Any CPU = Debug|Any CPU
		Release|Any CPU = Release|Any CPU
	EndGlobalSection
	GlobalSection(ProjectConfigurationPlatforms) = postSolution
		{A9B7E5E9-738D-4D09-BB2A-61197803C503}.Debug|Any CPU.ActiveCfg = Debug|Any CPU
		{A9B7E5E9-738D-4D09-BB2A-61197803C503}.Debug|Any CPU.Build.0 = Debug|Any CPU
		{A9B7E5E9-738D-4D09-BB2A-61197803C503}.Release|Any CPU.ActiveCfg = Release|Any CPU
		{A9B7E5E9-738D-4D09-BB2A-61197803C503}.Release|Any CPU.Build.0 = Release|Any CPU
		{D17A51BD-937C-4496-849F-AC572FC6917C}.Debug|Any CPU.ActiveCfg = Debug|Any CPU
		{D17A51BD-937C-4496-849F-AC572FC6917C}.Debug|Any CPU.Build.0 = Debug|Any CPU
		{D17A51BD-937C-4496-849F-AC572FC6917C}.Release|Any CPU.ActiveCfg = Release|Any CPU
		{D17A51BD-937C-4496-849F-AC572FC6917C}.Release|Any CPU.Build.0 = Release|Any CPU
	EndGlobalSection
	GlobalSection(SolutionProperties) = preSolution
		HideSolutionNode = FALSE
	EndGlobalSection
	GlobalSection(NestedProjects) = preSolution
		{E01DF7FB-775F-47B8-90D0-14F2C6D507D0} = {117F450C-46C5-4419-ADC8-12C892C5FDD3}
		{A9B7E5E9-738D-4D09-BB2A-61197803C503} = {E01DF7FB-775F-47B8-90D0-14F2C6D507D0}
		{8DF00F39-28C7-4836-AD24-643BDD61C0AC} = {117F450C-46C5-4419-ADC8-12C892C5FDD3}
		{D17A51BD-937C-4496-849F-AC572FC6917C} = {8DF00F39-28C7-4836-AD24-643BDD61C0AC}
		{F63189A9-D8B8-41C9-965B-4AACC459DF30} = {117F450C-46C5-4419-ADC8-12C892C5FDD3}
		{4EB1B026-8849-44A6-8BBF-2C4D2EADF059} = {F63189A9-D8B8-41C9-965B-4AACC459DF30}
		{27D0F684-5332-4AD8-9D88-CDAC9718FEAF} = {F63189A9-D8B8-41C9-965B-4AACC459DF30}
		{C6E4A222-31E8-40BA-B07A-0B0FE74DCA6C} = {F63189A9-D8B8-41C9-965B-4AACC459DF30}
	EndGlobalSection
	GlobalSection(ExtensibilityGlobals) = postSolution
		SolutionGuid = {B1260EA7-C160-43F2-8B4A-6EAEBBAD9304}
	EndGlobalSection
EndGlobal
