
Microsoft Visual Studio Solution File, Format Version 12.00
# Visual Studio Version 17
VisualStudioVersion = 17.10.35013.160
MinimumVisualStudioVersion = 10.0.40219.1
Project("{2150E333-8FDC-42A3-9474-1A3956D46DE8}") = "Services", "Services", "{117F450C-46C5-4419-ADC8-12C892C5FDD3}"
EndProject
Project("{2150E333-8FDC-42A3-9474-1A3956D46DE8}") = "Catalog", "Catalog", "{E01DF7FB-775F-47B8-90D0-14F2C6D507D0}"
EndProject
Project("{FAE04EC0-301F-11D3-BF4B-00C04F79EFBC}") = "MultiShop.Catalog", "Services\Catalog\MultiShop.Catalog\MultiShop.Catalog.csproj", "{A9B7E5E9-738D-4D09-BB2A-61197803C503}"
EndProject
Project("{2150E333-8FDC-42A3-9474-1A3956D46DE8}") = "Discount", "Discount", "{8DF00F39-28C7-4836-AD24-643BDD61C0AC}"
EndProject
Project("{FAE04EC0-301F-11D3-BF4B-00C04F79EFBC}") = "MultiShop.Discount", "Services\Discount\MultiShop.Discount\MultiShop.Discount.csproj", "{D17A51BD-937C-4496-849F-AC572FC6917C}"
EndProject
Project("{2150E333-8FDC-42A3-9474-1A3956D46DE8}") = "Order", "Order", "{F63189A9-D8B8-41C9-965B-4AACC459DF30}"
EndProject
Project("{2150E333-8FDC-42A3-9474-1A3956D46DE8}") = "Core", "Core", "{4EB1B026-8849-44A6-8BBF-2C4D2EADF059}"
EndProject
Project("{2150E333-8FDC-42A3-9474-1A3956D46DE8}") = "Infrastructure", "Infrastructure", "{27D0F684-5332-4AD8-9D88-CDAC9718FEAF}"
EndProject
Project("{2150E333-8FDC-42A3-9474-1A3956D46DE8}") = "Presentation", "Presentation", "{C6E4A222-31E8-40BA-B07A-0B0FE74DCA6C}"
EndProject
Project("{FAE04EC0-301F-11D3-BF4B-00C04F79EFBC}") = "MultiShop.Order.Domain", "Services\Order\Core\MultiShop.Order.Domain\MultiShop.Order.Domain.csproj", "{7607D12A-D3C2-43C3-B9A1-48FB06EADD3B}"
EndProject
Project("{FAE04EC0-301F-11D3-BF4B-00C04F79EFBC}") = "MultiShop.Order.Application", "Services\Order\Core\MultiShop.Order.Application\MultiShop.Order.Application.csproj", "{39B3289B-208B-453D-AE4C-8E99A1B22133}"
EndProject
Project("{FAE04EC0-301F-11D3-BF4B-00C04F79EFBC}") = "MultiShop.Order.Persistence", "Services\Order\Infrastructure\MultiShop.Order.Persistence\MultiShop.Order.Persistence.csproj", "{E1374373-3E05-466D-8BFA-581A24BCF8DE}"
EndProject
Project("{FAE04EC0-301F-11D3-BF4B-00C04F79EFBC}") = "MultiShop.Order.WebApi", "Services\Order\Presentation\MultiShop.Order.WebApi\MultiShop.Order.WebApi.csproj", "{0B8AFA80-1F56-4F75-8C89-C17AF20FB4F1}"
EndProject
Project("{2150E333-8FDC-42A3-9474-1A3956D46DE8}") = "IdentityServer", "IdentityServer", "{DBC8C7C9-E6E6-4423-85F5-D63CB50754A1}"
EndProject
Project("{FAE04EC0-301F-11D3-BF4B-00C04F79EFBC}") = "MultiShop.IdentityServer", "IdentityServer\MultiShop.IdentityServer\MultiShop.IdentityServer.csproj", "{6756D0DB-802A-4282-B8C7-9FC387B32591}"
EndProject
Project("{2150E333-8FDC-42A3-9474-1A3956D46DE8}") = "Cargo", "Cargo", "{807220A7-E321-4436-852E-C6C6134AFE4C}"
EndProject
Project("{FAE04EC0-301F-11D3-BF4B-00C04F79EFBC}") = "MultiShop.Cargo.EntityLayer", "Services\Cargo\MultiShop.Cargo.EntityLayer\MultiShop.Cargo.EntityLayer.csproj", "{542DC988-2250-409A-A631-FC5022512CDA}"
EndProject
Project("{FAE04EC0-301F-11D3-BF4B-00C04F79EFBC}") = "MultiShop.Cargo.DataAccessLayer", "Services\Cargo\MultiShop.Cargo.DataAccessLayer\MultiShop.Cargo.DataAccessLayer.csproj", "{9DBC6C21-BD23-47BA-B169-68B92A18C5FB}"
EndProject
Project("{FAE04EC0-301F-11D3-BF4B-00C04F79EFBC}") = "MultiShop.Cargo.BusinessLayer", "Services\Cargo\MultiShop.Cargo.BusinessLayer\MultiShop.Cargo.BusinessLayer.csproj", "{9C69F358-D16E-403C-AA9E-FCFE51386CDB}"
EndProject
Project("{FAE04EC0-301F-11D3-BF4B-00C04F79EFBC}") = "MultiShop.Cargo.DtoLayer", "Services\Cargo\MultiShop.Cargo.DtoLayer\MultiShop.Cargo.DtoLayer.csproj", "{1E174918-0E09-4991-AE02-384A58DCA8B2}"
EndProject
Project("{FAE04EC0-301F-11D3-BF4B-00C04F79EFBC}") = "MultiShop.Cargo.WebApi", "Services\Cargo\MultiShop.Cargo.WebApi\MultiShop.Cargo.WebApi.csproj", "{296C3B57-3457-4520-853E-E970377F1AE7}"
EndProject
Project("{2150E333-8FDC-42A3-9474-1A3956D46DE8}") = "Basket", "Basket", "{2693D4E2-4E87-49C7-84B6-F8C5CEF674BC}"
EndProject
Project("{FAE04EC0-301F-11D3-BF4B-00C04F79EFBC}") = "MultiShop.Basket", "Services\Basket\MultiShop.Basket\MultiShop.Basket.csproj", "{8614F22D-C89F-4C49-902F-08A5033A69FE}"
EndProject
Project("{2150E333-8FDC-42A3-9474-1A3956D46DE8}") = "Frontends", "Frontends", "{063B22DA-F622-4B3F-AF97-A7548CA24368}"
EndProject
Project("{FAE04EC0-301F-11D3-BF4B-00C04F79EFBC}") = "MultiShop.WebUI", "Frontends\MultiShop.WebUI\MultiShop.WebUI.csproj", "{AA21510D-9875-4A17-A244-BE9FED70FA4E}"
EndProject
Project("{FAE04EC0-301F-11D3-BF4B-00C04F79EFBC}") = "MultiShop.DtoLayer", "Frontends\MultiShop.DtoLayer\MultiShop.DtoLayer.csproj", "{E3D43E9A-EFF6-4AA5-911C-E12E0DA8A246}"
EndProject
Global
	GlobalSection(SolutionConfigurationPlatforms) = preSolution
		Debug|Any CPU = Debug|Any CPU
		Release|Any CPU = Release|Any CPU
	EndGlobalSection
	GlobalSection(ProjectConfigurationPlatforms) = postSolution
		{A9B7E5E9-738D-4D09-BB2A-61197803C503}.Debug|Any CPU.ActiveCfg = Debug|Any CPU
		{A9B7E5E9-738D-4D09-BB2A-61197803C503}.Debug|Any CPU.Build.0 = Debug|Any CPU
		{A9B7E5E9-738D-4D09-BB2A-61197803C503}.Release|Any CPU.ActiveCfg = Release|Any CPU
		{A9B7E5E9-738D-4D09-BB2A-61197803C503}.Release|Any CPU.Build.0 = Release|Any CPU
		{D17A51BD-937C-4496-849F-AC572FC6917C}.Debug|Any CPU.ActiveCfg = Debug|Any CPU
		{D17A51BD-937C-4496-849F-AC572FC6917C}.Debug|Any CPU.Build.0 = Debug|Any CPU
		{D17A51BD-937C-4496-849F-AC572FC6917C}.Release|Any CPU.ActiveCfg = Release|Any CPU
		{D17A51BD-937C-4496-849F-AC572FC6917C}.Release|Any CPU.Build.0 = Release|Any CPU
		{7607D12A-D3C2-43C3-B9A1-48FB06EADD3B}.Debug|Any CPU.ActiveCfg = Debug|Any CPU
		{7607D12A-D3C2-43C3-B9A1-48FB06EADD3B}.Debug|Any CPU.Build.0 = Debug|Any CPU
		{7607D12A-D3C2-43C3-B9A1-48FB06EADD3B}.Release|Any CPU.ActiveCfg = Release|Any CPU
		{7607D12A-D3C2-43C3-B9A1-48FB06EADD3B}.Release|Any CPU.Build.0 = Release|Any CPU
		{39B3289B-208B-453D-AE4C-8E99A1B22133}.Debug|Any CPU.ActiveCfg = Debug|Any CPU
		{39B3289B-208B-453D-AE4C-8E99A1B22133}.Debug|Any CPU.Build.0 = Debug|Any CPU
		{39B3289B-208B-453D-AE4C-8E99A1B22133}.Release|Any CPU.ActiveCfg = Release|Any CPU
		{39B3289B-208B-453D-AE4C-8E99A1B22133}.Release|Any CPU.Build.0 = Release|Any CPU
		{E1374373-3E05-466D-8BFA-581A24BCF8DE}.Debug|Any CPU.ActiveCfg = Debug|Any CPU
		{E1374373-3E05-466D-8BFA-581A24BCF8DE}.Debug|Any CPU.Build.0 = Debug|Any CPU
		{E1374373-3E05-466D-8BFA-581A24BCF8DE}.Release|Any CPU.ActiveCfg = Release|Any CPU
		{E1374373-3E05-466D-8BFA-581A24BCF8DE}.Release|Any CPU.Build.0 = Release|Any CPU
		{0B8AFA80-1F56-4F75-8C89-C17AF20FB4F1}.Debug|Any CPU.ActiveCfg = Debug|Any CPU
		{0B8AFA80-1F56-4F75-8C89-C17AF20FB4F1}.Debug|Any CPU.Build.0 = Debug|Any CPU
		{0B8AFA80-1F56-4F75-8C89-C17AF20FB4F1}.Release|Any CPU.ActiveCfg = Release|Any CPU
		{0B8AFA80-1F56-4F75-8C89-C17AF20FB4F1}.Release|Any CPU.Build.0 = Release|Any CPU
		{6756D0DB-802A-4282-B8C7-9FC387B32591}.Debug|Any CPU.ActiveCfg = Debug|Any CPU
		{6756D0DB-802A-4282-B8C7-9FC387B32591}.Debug|Any CPU.Build.0 = Debug|Any CPU
		{6756D0DB-802A-4282-B8C7-9FC387B32591}.Release|Any CPU.ActiveCfg = Release|Any CPU
		{6756D0DB-802A-4282-B8C7-9FC387B32591}.Release|Any CPU.Build.0 = Release|Any CPU
		{542DC988-2250-409A-A631-FC5022512CDA}.Debug|Any CPU.ActiveCfg = Debug|Any CPU
		{542DC988-2250-409A-A631-FC5022512CDA}.Debug|Any CPU.Build.0 = Debug|Any CPU
		{542DC988-2250-409A-A631-FC5022512CDA}.Release|Any CPU.ActiveCfg = Release|Any CPU
		{542DC988-2250-409A-A631-FC5022512CDA}.Release|Any CPU.Build.0 = Release|Any CPU
		{9DBC6C21-BD23-47BA-B169-68B92A18C5FB}.Debug|Any CPU.ActiveCfg = Debug|Any CPU
		{9DBC6C21-BD23-47BA-B169-68B92A18C5FB}.Debug|Any CPU.Build.0 = Debug|Any CPU
		{9DBC6C21-BD23-47BA-B169-68B92A18C5FB}.Release|Any CPU.ActiveCfg = Release|Any CPU
		{9DBC6C21-BD23-47BA-B169-68B92A18C5FB}.Release|Any CPU.Build.0 = Release|Any CPU
		{9C69F358-D16E-403C-AA9E-FCFE51386CDB}.Debug|Any CPU.ActiveCfg = Debug|Any CPU
		{9C69F358-D16E-403C-AA9E-FCFE51386CDB}.Debug|Any CPU.Build.0 = Debug|Any CPU
		{9C69F358-D16E-403C-AA9E-FCFE51386CDB}.Release|Any CPU.ActiveCfg = Release|Any CPU
		{9C69F358-D16E-403C-AA9E-FCFE51386CDB}.Release|Any CPU.Build.0 = Release|Any CPU
		{1E174918-0E09-4991-AE02-384A58DCA8B2}.Debug|Any CPU.ActiveCfg = Debug|Any CPU
		{1E174918-0E09-4991-AE02-384A58DCA8B2}.Debug|Any CPU.Build.0 = Debug|Any CPU
		{1E174918-0E09-4991-AE02-384A58DCA8B2}.Release|Any CPU.ActiveCfg = Release|Any CPU
		{1E174918-0E09-4991-AE02-384A58DCA8B2}.Release|Any CPU.Build.0 = Release|Any CPU
		{296C3B57-3457-4520-853E-E970377F1AE7}.Debug|Any CPU.ActiveCfg = Debug|Any CPU
		{296C3B57-3457-4520-853E-E970377F1AE7}.Debug|Any CPU.Build.0 = Debug|Any CPU
		{296C3B57-3457-4520-853E-E970377F1AE7}.Release|Any CPU.ActiveCfg = Release|Any CPU
		{296C3B57-3457-4520-853E-E970377F1AE7}.Release|Any CPU.Build.0 = Release|Any CPU
		{8614F22D-C89F-4C49-902F-08A5033A69FE}.Debug|Any CPU.ActiveCfg = Debug|Any CPU
		{8614F22D-C89F-4C49-902F-08A5033A69FE}.Debug|Any CPU.Build.0 = Debug|Any CPU
		{8614F22D-C89F-4C49-902F-08A5033A69FE}.Release|Any CPU.ActiveCfg = Release|Any CPU
		{8614F22D-C89F-4C49-902F-08A5033A69FE}.Release|Any CPU.Build.0 = Release|Any CPU
		{AA21510D-9875-4A17-A244-BE9FED70FA4E}.Debug|Any CPU.ActiveCfg = Debug|Any CPU
		{AA21510D-9875-4A17-A244-BE9FED70FA4E}.Debug|Any CPU.Build.0 = Debug|Any CPU
		{AA21510D-9875-4A17-A244-BE9FED70FA4E}.Release|Any CPU.ActiveCfg = Release|Any CPU
		{AA21510D-9875-4A17-A244-BE9FED70FA4E}.Release|Any CPU.Build.0 = Release|Any CPU
		{E3D43E9A-EFF6-4AA5-911C-E12E0DA8A246}.Debug|Any CPU.ActiveCfg = Debug|Any CPU
		{E3D43E9A-EFF6-4AA5-911C-E12E0DA8A246}.Debug|Any CPU.Build.0 = Debug|Any CPU
		{E3D43E9A-EFF6-4AA5-911C-E12E0DA8A246}.Release|Any CPU.ActiveCfg = Release|Any CPU
		{E3D43E9A-EFF6-4AA5-911C-E12E0DA8A246}.Release|Any CPU.Build.0 = Release|Any CPU
	EndGlobalSection
	GlobalSection(SolutionProperties) = preSolution
		HideSolutionNode = FALSE
	EndGlobalSection
	GlobalSection(NestedProjects) = preSolution
		{E01DF7FB-775F-47B8-90D0-14F2C6D507D0} = {117F450C-46C5-4419-ADC8-12C892C5FDD3}
		{A9B7E5E9-738D-4D09-BB2A-61197803C503} = {E01DF7FB-775F-47B8-90D0-14F2C6D507D0}
		{8DF00F39-28C7-4836-AD24-643BDD61C0AC} = {117F450C-46C5-4419-ADC8-12C892C5FDD3}
		{D17A51BD-937C-4496-849F-AC572FC6917C} = {8DF00F39-28C7-4836-AD24-643BDD61C0AC}
		{F63189A9-D8B8-41C9-965B-4AACC459DF30} = {117F450C-46C5-4419-ADC8-12C892C5FDD3}
		{4EB1B026-8849-44A6-8BBF-2C4D2EADF059} = {F63189A9-D8B8-41C9-965B-4AACC459DF30}
		{27D0F684-5332-4AD8-9D88-CDAC9718FEAF} = {F63189A9-D8B8-41C9-965B-4AACC459DF30}
		{C6E4A222-31E8-40BA-B07A-0B0FE74DCA6C} = {F63189A9-D8B8-41C9-965B-4AACC459DF30}
		{7607D12A-D3C2-43C3-B9A1-48FB06EADD3B} = {4EB1B026-8849-44A6-8BBF-2C4D2EADF059}
		{39B3289B-208B-453D-AE4C-8E99A1B22133} = {4EB1B026-8849-44A6-8BBF-2C4D2EADF059}
		{E1374373-3E05-466D-8BFA-581A24BCF8DE} = {27D0F684-5332-4AD8-9D88-CDAC9718FEAF}
		{0B8AFA80-1F56-4F75-8C89-C17AF20FB4F1} = {C6E4A222-31E8-40BA-B07A-0B0FE74DCA6C}
		{6756D0DB-802A-4282-B8C7-9FC387B32591} = {DBC8C7C9-E6E6-4423-85F5-D63CB50754A1}
		{807220A7-E321-4436-852E-C6C6134AFE4C} = {117F450C-46C5-4419-ADC8-12C892C5FDD3}
		{542DC988-2250-409A-A631-FC5022512CDA} = {807220A7-E321-4436-852E-C6C6134AFE4C}
		{9DBC6C21-BD23-47BA-B169-68B92A18C5FB} = {807220A7-E321-4436-852E-C6C6134AFE4C}
		{9C69F358-D16E-403C-AA9E-FCFE51386CDB} = {807220A7-E321-4436-852E-C6C6134AFE4C}
		{1E174918-0E09-4991-AE02-384A58DCA8B2} = {807220A7-E321-4436-852E-C6C6134AFE4C}
		{296C3B57-3457-4520-853E-E970377F1AE7} = {807220A7-E321-4436-852E-C6C6134AFE4C}
		{2693D4E2-4E87-49C7-84B6-F8C5CEF674BC} = {117F450C-46C5-4419-ADC8-12C892C5FDD3}
		{8614F22D-C89F-4C49-902F-08A5033A69FE} = {2693D4E2-4E87-49C7-84B6-F8C5CEF674BC}
		{AA21510D-9875-4A17-A244-BE9FED70FA4E} = {063B22DA-F622-4B3F-AF97-A7548CA24368}
		{E3D43E9A-EFF6-4AA5-911C-E12E0DA8A246} = {063B22DA-F622-4B3F-AF97-A7548CA24368}
	EndGlobalSection
	GlobalSection(ExtensibilityGlobals) = postSolution
		SolutionGuid = {B1260EA7-C160-43F2-8B4A-6EAEBBAD9304}
	EndGlobalSection
EndGlobal
